
Microsoft Visual Studio Solution File, Format Version 12.00
# Visual Studio Version 17
VisualStudioVersion = 17.9.34723.18
MinimumVisualStudioVersion = 10.0.40219.1
Project("{FAE04EC0-301F-11D3-BF4B-00C04F79EFBC}") = "Part 1", "Part 1.csproj", "{DF420A08-533B-41E8-862D-87896283E63A}"
EndProject
Global
	GlobalSection(SolutionConfigurationPlatforms) = preSolution
		Debug|Any CPU = Debug|Any CPU
		Release|Any CPU = Release|Any CPU
	EndGlobalSection
	GlobalSection(ProjectConfigurationPlatforms) = postSolution
		{DF420A08-533B-41E8-862D-87896283E63A}.Debug|Any CPU.ActiveCfg = Debug|Any CPU
		{DF420A08-533B-41E8-862D-87896283E63A}.Debug|Any CPU.Build.0 = Debug|Any CPU
		{DF420A08-533B-41E8-862D-87896283E63A}.Release|Any CPU.ActiveCfg = Release|Any CPU
		{DF420A08-533B-41E8-862D-87896283E63A}.Release|Any CPU.Build.0 = Release|Any CPU
	EndGlobalSection
	GlobalSection(SolutionProperties) = preSolution
		HideSolutionNode = FALSE
	EndGlobalSection
	GlobalSection(ExtensibilityGlobals) = postSolution
		SolutionGuid = {4127F24A-E98A-48C1-9837-FF9FBD27925F}
	EndGlobalSection
EndGlobal
