
Microsoft Visual Studio Solution File, Format Version 12.00
# Visual Studio Version 17
VisualStudioVersion = 17.9.34607.119
MinimumVisualStudioVersion = 10.0.40219.1
Project("{FAE04EC0-301F-11D3-BF4B-00C04F79EFBC}") = "Xuan Tri Nguyen - 5B", "Xuan Tri Nguyen - 5B.csproj", "{9DCB7485-75BF-437D-B2C1-E3EEE671E985}"
EndProject
Global
	GlobalSection(SolutionConfigurationPlatforms) = preSolution
		Debug|Any CPU = Debug|Any CPU
		Release|Any CPU = Release|Any CPU
	EndGlobalSection
	GlobalSection(ProjectConfigurationPlatforms) = postSolution
		{9DCB7485-75BF-437D-B2C1-E3EEE671E985}.Debug|Any CPU.ActiveCfg = Debug|Any CPU
		{9DCB7485-75BF-437D-B2C1-E3EEE671E985}.Debug|Any CPU.Build.0 = Debug|Any CPU
		{9DCB7485-75BF-437D-B2C1-E3EEE671E985}.Release|Any CPU.ActiveCfg = Release|Any CPU
		{9DCB7485-75BF-437D-B2C1-E3EEE671E985}.Release|Any CPU.Build.0 = Release|Any CPU
	EndGlobalSection
	GlobalSection(SolutionProperties) = preSolution
		HideSolutionNode = FALSE
	EndGlobalSection
	GlobalSection(ExtensibilityGlobals) = postSolution
		SolutionGuid = {CBFE30CE-6298-4510-876F-D8F984E0D231}
	EndGlobalSection
EndGlobal
