
Microsoft Visual Studio Solution File, Format Version 12.00
# Visual Studio Version 17
VisualStudioVersion = 17.9.34723.18
MinimumVisualStudioVersion = 10.0.40219.1
Project("{FAE04EC0-301F-11D3-BF4B-00C04F79EFBC}") = "Part 5", "Part 5.csproj", "{6314E39D-5BBC-42C3-A1E7-816DB6806A3D}"
EndProject
Global
	GlobalSection(SolutionConfigurationPlatforms) = preSolution
		Debug|Any CPU = Debug|Any CPU
		Release|Any CPU = Release|Any CPU
	EndGlobalSection
	GlobalSection(ProjectConfigurationPlatforms) = postSolution
		{6314E39D-5BBC-42C3-A1E7-816DB6806A3D}.Debug|Any CPU.ActiveCfg = Debug|Any CPU
		{6314E39D-5BBC-42C3-A1E7-816DB6806A3D}.Debug|Any CPU.Build.0 = Debug|Any CPU
		{6314E39D-5BBC-42C3-A1E7-816DB6806A3D}.Release|Any CPU.ActiveCfg = Release|Any CPU
		{6314E39D-5BBC-42C3-A1E7-816DB6806A3D}.Release|Any CPU.Build.0 = Release|Any CPU
	EndGlobalSection
	GlobalSection(SolutionProperties) = preSolution
		HideSolutionNode = FALSE
	EndGlobalSection
	GlobalSection(ExtensibilityGlobals) = postSolution
		SolutionGuid = {3D270D6E-FC25-4E24-8BA3-734A4E781B1A}
	EndGlobalSection
EndGlobal
